// !$*UTF8*$!
{
	archiveVersion = 1;
	classes = {
	};
	objectVersion = 46;
	objects = {

/* Begin PBXBuildFile section */
		ED07211718679E6500C8E89A /* FPPopoverController.m in Sources */ = {isa = PBXBuildFile; fileRef = ED07211218679E6500C8E89A /* FPPopoverController.m */; };
		ED07211818679E6500C8E89A /* FPPopoverView.m in Sources */ = {isa = PBXBuildFile; fileRef = ED07211418679E6500C8E89A /* FPPopoverView.m */; };
		ED07211918679E6500C8E89A /* FPTouchView.m in Sources */ = {isa = PBXBuildFile; fileRef = ED07211618679E6500C8E89A /* FPTouchView.m */; };
		ED07211B18679F2500C8E89A /* QuartzCore.framework in Frameworks */ = {isa = PBXBuildFile; fileRef = ED07211A18679F2500C8E89A /* QuartzCore.framework */; };
		ED07211E18679F6400C8E89A /* FPPopoverKeyboardResponsiveController.m in Sources */ = {isa = PBXBuildFile; fileRef = ED07211D18679F6400C8E89A /* FPPopoverKeyboardResponsiveController.m */; };
		ED0721211867A03800C8E89A /* AnnonceDetailViewController.m in Sources */ = {isa = PBXBuildFile; fileRef = ED0721201867A03800C8E89A /* AnnonceDetailViewController.m */; };
		ED0721241867A26900C8E89A /* AnnonceDetail.m in Sources */ = {isa = PBXBuildFile; fileRef = ED0721231867A26900C8E89A /* AnnonceDetail.m */; };
		ED1515FF1863B694008F04BD /* Foundation.framework in Frameworks */ = {isa = PBXBuildFile; fileRef = ED1515FE1863B694008F04BD /* Foundation.framework */; };
		ED1516011863B694008F04BD /* CoreGraphics.framework in Frameworks */ = {isa = PBXBuildFile; fileRef = ED1516001863B694008F04BD /* CoreGraphics.framework */; };
		ED1516031863B694008F04BD /* UIKit.framework in Frameworks */ = {isa = PBXBuildFile; fileRef = ED1516021863B694008F04BD /* UIKit.framework */; };
		ED1516051863B694008F04BD /* CoreData.framework in Frameworks */ = {isa = PBXBuildFile; fileRef = ED1516041863B694008F04BD /* CoreData.framework */; };
		ED15160B1863B694008F04BD /* InfoPlist.strings in Resources */ = {isa = PBXBuildFile; fileRef = ED1516091863B694008F04BD /* InfoPlist.strings */; };
		ED15160D1863B694008F04BD /* main.m in Sources */ = {isa = PBXBuildFile; fileRef = ED15160C1863B694008F04BD /* main.m */; };
		ED1516111863B694008F04BD /* AppDelegate.m in Sources */ = {isa = PBXBuildFile; fileRef = ED1516101863B694008F04BD /* AppDelegate.m */; };
		ED1516141863B694008F04BD /* Main_iPhone.storyboard in Resources */ = {isa = PBXBuildFile; fileRef = ED1516121863B694008F04BD /* Main_iPhone.storyboard */; };
		ED1516171863B694008F04BD /* Main_iPad.storyboard in Resources */ = {isa = PBXBuildFile; fileRef = ED1516151863B694008F04BD /* Main_iPad.storyboard */; };
		ED15161A1863B694008F04BD /* Leboncoin.xcdatamodeld in Sources */ = {isa = PBXBuildFile; fileRef = ED1516181863B694008F04BD /* Leboncoin.xcdatamodeld */; };
		ED15161D1863B694008F04BD /* SearchResultViewController.m in Sources */ = {isa = PBXBuildFile; fileRef = ED15161C1863B694008F04BD /* SearchResultViewController.m */; };
		ED1516201863B694008F04BD /* FlipsideViewController.m in Sources */ = {isa = PBXBuildFile; fileRef = ED15161F1863B694008F04BD /* FlipsideViewController.m */; };
		ED1516221863B694008F04BD /* Images.xcassets in Resources */ = {isa = PBXBuildFile; fileRef = ED1516211863B694008F04BD /* Images.xcassets */; };
		ED1516291863B694008F04BD /* XCTest.framework in Frameworks */ = {isa = PBXBuildFile; fileRef = ED1516281863B694008F04BD /* XCTest.framework */; };
		ED15162A1863B694008F04BD /* Foundation.framework in Frameworks */ = {isa = PBXBuildFile; fileRef = ED1515FE1863B694008F04BD /* Foundation.framework */; };
		ED15162B1863B694008F04BD /* UIKit.framework in Frameworks */ = {isa = PBXBuildFile; fileRef = ED1516021863B694008F04BD /* UIKit.framework */; };
		ED15162C1863B694008F04BD /* CoreData.framework in Frameworks */ = {isa = PBXBuildFile; fileRef = ED1516041863B694008F04BD /* CoreData.framework */; };
		ED1516341863B694008F04BD /* InfoPlist.strings in Resources */ = {isa = PBXBuildFile; fileRef = ED1516321863B694008F04BD /* InfoPlist.strings */; };
		ED1516361863B694008F04BD /* LeboncoinTests.m in Sources */ = {isa = PBXBuildFile; fileRef = ED1516351863B694008F04BD /* LeboncoinTests.m */; };
		ED1FEDC2186E3E6400DA47A5 /* libstdc++.6.0.9.dylib in Frameworks */ = {isa = PBXBuildFile; fileRef = ED1FEDC1186E3E6400DA47A5 /* libstdc++.6.0.9.dylib */; };
		ED1FEDE0186E402000DA47A5 /* eng.cube.bigrams in Resources */ = {isa = PBXBuildFile; fileRef = ED1FEDD7186E402000DA47A5 /* eng.cube.bigrams */; };
		ED1FEDE1186E402000DA47A5 /* eng.cube.fold in Resources */ = {isa = PBXBuildFile; fileRef = ED1FEDD8186E402000DA47A5 /* eng.cube.fold */; };
		ED1FEDE2186E402000DA47A5 /* eng.cube.lm in Sources */ = {isa = PBXBuildFile; fileRef = ED1FEDD9186E402000DA47A5 /* eng.cube.lm */; };
		ED1FEDE3186E402000DA47A5 /* eng.cube.nn in Resources */ = {isa = PBXBuildFile; fileRef = ED1FEDDA186E402000DA47A5 /* eng.cube.nn */; };
		ED1FEDE4186E402000DA47A5 /* eng.cube.params in Resources */ = {isa = PBXBuildFile; fileRef = ED1FEDDB186E402000DA47A5 /* eng.cube.params */; };
		ED1FEDE5186E402000DA47A5 /* eng.cube.size in Resources */ = {isa = PBXBuildFile; fileRef = ED1FEDDC186E402000DA47A5 /* eng.cube.size */; };
		ED1FEDE6186E402000DA47A5 /* eng.cube.word-freq in Resources */ = {isa = PBXBuildFile; fileRef = ED1FEDDD186E402000DA47A5 /* eng.cube.word-freq */; };
		ED1FEDE7186E402000DA47A5 /* eng.tesseract_cube.nn in Resources */ = {isa = PBXBuildFile; fileRef = ED1FEDDE186E402000DA47A5 /* eng.tesseract_cube.nn */; };
		ED1FEDE8186E402000DA47A5 /* eng.traineddata in Resources */ = {isa = PBXBuildFile; fileRef = ED1FEDDF186E402000DA47A5 /* eng.traineddata */; };
		ED1FEDEE186E51C300DA47A5 /* Accelerate.framework in Frameworks */ = {isa = PBXBuildFile; fileRef = ED1FEDED186E51C300DA47A5 /* Accelerate.framework */; };
		ED1FEDF0186E51CA00DA47A5 /* AssetsLibrary.framework in Frameworks */ = {isa = PBXBuildFile; fileRef = ED1FEDEF186E51CA00DA47A5 /* AssetsLibrary.framework */; };
		ED1FEDF2186E51D100DA47A5 /* AVFoundation.framework in Frameworks */ = {isa = PBXBuildFile; fileRef = ED1FEDF1186E51D100DA47A5 /* AVFoundation.framework */; };
		ED1FEDF4186E51DC00DA47A5 /* CoreImage.framework in Frameworks */ = {isa = PBXBuildFile; fileRef = ED1FEDF3186E51DC00DA47A5 /* CoreImage.framework */; };
		ED1FEDF6186E51E200DA47A5 /* CoreVideo.framework in Frameworks */ = {isa = PBXBuildFile; fileRef = ED1FEDF5186E51E200DA47A5 /* CoreVideo.framework */; };
		ED1FEDF8186E51F500DA47A5 /* libc++.dylib in Frameworks */ = {isa = PBXBuildFile; fileRef = ED1FEDF7186E51F500DA47A5 /* libc++.dylib */; };
		ED2EA60D190F16C70097A313 /* SettingsViewController.m in Sources */ = {isa = PBXBuildFile; fileRef = ED2EA60C190F16C70097A313 /* SettingsViewController.m */; };
		ED4BBB60194A5B9900D2435D /* iAd.framework in Frameworks */ = {isa = PBXBuildFile; fileRef = ED4BBB5F194A5B9900D2435D /* iAd.framework */; };
		ED746E1C18F4C566001A61B8 /* PKHPickerContainerView.m in Sources */ = {isa = PBXBuildFile; fileRef = ED746E1B18F4C566001A61B8 /* PKHPickerContainerView.m */; };
		ED85D01A18C7E17A0004CAF4 /* MainPageViewController.m in Sources */ = {isa = PBXBuildFile; fileRef = ED85D01918C7E17A0004CAF4 /* MainPageViewController.m */; };
		ED85E3891863B8EF0073FC3C /* CXMLDocument_CreationExtensions.m in Sources */ = {isa = PBXBuildFile; fileRef = ED85E36E1863B8EF0073FC3C /* CXMLDocument_CreationExtensions.m */; };
		ED85E38A1863B8EF0073FC3C /* CXMLNode_CreationExtensions.m in Sources */ = {isa = PBXBuildFile; fileRef = ED85E3701863B8EF0073FC3C /* CXMLNode_CreationExtensions.m */; };
		ED85E38B1863B8EF0073FC3C /* CXHTMLDocument.m in Sources */ = {isa = PBXBuildFile; fileRef = ED85E3721863B8EF0073FC3C /* CXHTMLDocument.m */; };
		ED85E38C1863B8EF0073FC3C /* CXMLDocument.m in Sources */ = {isa = PBXBuildFile; fileRef = ED85E3741863B8EF0073FC3C /* CXMLDocument.m */; };
		ED85E38D1863B8EF0073FC3C /* CXMLDocument_PrivateExtensions.m in Sources */ = {isa = PBXBuildFile; fileRef = ED85E3761863B8EF0073FC3C /* CXMLDocument_PrivateExtensions.m */; };
		ED85E38E1863B8EF0073FC3C /* CXMLElement.m in Sources */ = {isa = PBXBuildFile; fileRef = ED85E3781863B8EF0073FC3C /* CXMLElement.m */; };
		ED85E38F1863B8EF0073FC3C /* CXMLElement_CreationExtensions.m in Sources */ = {isa = PBXBuildFile; fileRef = ED85E37A1863B8EF0073FC3C /* CXMLElement_CreationExtensions.m */; };
		ED85E3901863B8EF0073FC3C /* CXMLElement_ElementTreeExtensions.m in Sources */ = {isa = PBXBuildFile; fileRef = ED85E37C1863B8EF0073FC3C /* CXMLElement_ElementTreeExtensions.m */; };
		ED85E3911863B8EF0073FC3C /* CXMLNamespaceNode.m in Sources */ = {isa = PBXBuildFile; fileRef = ED85E37E1863B8EF0073FC3C /* CXMLNamespaceNode.m */; };
		ED85E3921863B8EF0073FC3C /* CXMLNode.m in Sources */ = {isa = PBXBuildFile; fileRef = ED85E3801863B8EF0073FC3C /* CXMLNode.m */; };
		ED85E3931863B8EF0073FC3C /* CXMLNode_PrivateExtensions.m in Sources */ = {isa = PBXBuildFile; fileRef = ED85E3821863B8EF0073FC3C /* CXMLNode_PrivateExtensions.m */; };
		ED85E3941863B8EF0073FC3C /* CXMLNode_XPathExtensions.m in Sources */ = {isa = PBXBuildFile; fileRef = ED85E3841863B8EF0073FC3C /* CXMLNode_XPathExtensions.m */; };
		ED85E3951863B8EF0073FC3C /* CTidy.m in Sources */ = {isa = PBXBuildFile; fileRef = ED85E3871863B8EF0073FC3C /* CTidy.m */; };
		ED85E3981863B99D0073FC3C /* libxml2.dylib in Frameworks */ = {isa = PBXBuildFile; fileRef = ED85E3971863B99D0073FC3C /* libxml2.dylib */; };
		ED85E39B1863BA4B0073FC3C /* LeboncoinAgent.m in Sources */ = {isa = PBXBuildFile; fileRef = ED85E39A1863BA4B0073FC3C /* LeboncoinAgent.m */; };
		ED85E3A21863C5F40073FC3C /* HTMLNode.m in Sources */ = {isa = PBXBuildFile; fileRef = ED85E39E1863C5F40073FC3C /* HTMLNode.m */; };
		ED85E3A31863C5F40073FC3C /* HTMLParser.m in Sources */ = {isa = PBXBuildFile; fileRef = ED85E3A01863C5F40073FC3C /* HTMLParser.m */; };
		ED85E3A41863C5F40073FC3C /* README.md in Resources */ = {isa = PBXBuildFile; fileRef = ED85E3A11863C5F40073FC3C /* README.md */; };
		ED85E3A71863DB300073FC3C /* Annonce.m in Sources */ = {isa = PBXBuildFile; fileRef = ED85E3A61863DB300073FC3C /* Annonce.m */; };
		ED8BF6F11912766700323109 /* SearchCategoryViewController.m in Sources */ = {isa = PBXBuildFile; fileRef = ED8BF6F01912766700323109 /* SearchCategoryViewController.m */; };
		ED8BF6F41912767400323109 /* SearchLocationSelectorViewController.m in Sources */ = {isa = PBXBuildFile; fileRef = ED8BF6F31912767400323109 /* SearchLocationSelectorViewController.m */; };
		ED9A902A192425D400BD5E60 /* AdSupport.framework in Frameworks */ = {isa = PBXBuildFile; fileRef = ED9A9029192425D400BD5E60 /* AdSupport.framework */; };
		ED9A902F192426DD00BD5E60 /* Hoa_OpenUDID.m in Sources */ = {isa = PBXBuildFile; fileRef = ED9A902D192426DD00BD5E60 /* Hoa_OpenUDID.m */; settings = {COMPILER_FLAGS = "-fno-objc-arc"; }; };
		ED9A9030192426DD00BD5E60 /* README.md in Resources */ = {isa = PBXBuildFile; fileRef = ED9A902E192426DD00BD5E60 /* README.md */; };
		EDD765DB186CE35200C283C6 /* ModelController.m in Sources */ = {isa = PBXBuildFile; fileRef = EDD765DA186CE35200C283C6 /* ModelController.m */; };
		EDDAD384190F118200FF974A /* leboncoin.xml in Resources */ = {isa = PBXBuildFile; fileRef = EDDAD383190F118200FF974A /* leboncoin.xml */; };
		EDE2C472187639C200F9B895 /* SearchManagerViewController.m in Sources */ = {isa = PBXBuildFile; fileRef = EDE2C471187639C200F9B895 /* SearchManagerViewController.m */; };
		EDE2C475187639D300F9B895 /* SearchEditViewController.m in Sources */ = {isa = PBXBuildFile; fileRef = EDE2C474187639D300F9B895 /* SearchEditViewController.m */; };
		EDF0383818C168940038B074 /* unknownImage.png in Resources */ = {isa = PBXBuildFile; fileRef = EDF0383718C168940038B074 /* unknownImage.png */; };
		EDF0383B18C16C300038B074 /* MHFacebookImageViewer.m in Sources */ = {isa = PBXBuildFile; fileRef = EDF0383A18C16C300038B074 /* MHFacebookImageViewer.m */; };
		EDF0383E18C16C390038B074 /* Done.png in Resources */ = {isa = PBXBuildFile; fileRef = EDF0383C18C16C390038B074 /* Done.png */; };
		EDF0383F18C16C390038B074 /* Done@2x.png in Resources */ = {isa = PBXBuildFile; fileRef = EDF0383D18C16C390038B074 /* Done@2x.png */; };
		EDF0385418C16F4E0038B074 /* AFHTTPClient.m in Sources */ = {isa = PBXBuildFile; fileRef = EDF0384218C16F4E0038B074 /* AFHTTPClient.m */; };
		EDF0385518C16F4E0038B074 /* AFHTTPRequestOperation.m in Sources */ = {isa = PBXBuildFile; fileRef = EDF0384418C16F4E0038B074 /* AFHTTPRequestOperation.m */; };
		EDF0385618C16F4E0038B074 /* AFImageRequestOperation.m in Sources */ = {isa = PBXBuildFile; fileRef = EDF0384618C16F4E0038B074 /* AFImageRequestOperation.m */; };
		EDF0385718C16F4E0038B074 /* AFJSONRequestOperation.m in Sources */ = {isa = PBXBuildFile; fileRef = EDF0384818C16F4E0038B074 /* AFJSONRequestOperation.m */; };
		EDF0385818C16F4E0038B074 /* AFNetworkActivityIndicatorManager.m in Sources */ = {isa = PBXBuildFile; fileRef = EDF0384A18C16F4E0038B074 /* AFNetworkActivityIndicatorManager.m */; };
		EDF0385918C16F4E0038B074 /* AFPropertyListRequestOperation.m in Sources */ = {isa = PBXBuildFile; fileRef = EDF0384D18C16F4E0038B074 /* AFPropertyListRequestOperation.m */; };
		EDF0385A18C16F4E0038B074 /* AFURLConnectionOperation.m in Sources */ = {isa = PBXBuildFile; fileRef = EDF0384F18C16F4E0038B074 /* AFURLConnectionOperation.m */; };
		EDF0385B18C16F4E0038B074 /* AFXMLRequestOperation.m in Sources */ = {isa = PBXBuildFile; fileRef = EDF0385118C16F4E0038B074 /* AFXMLRequestOperation.m */; };
		EDF0385C18C16F4E0038B074 /* UIImageView+AFNetworking.m in Sources */ = {isa = PBXBuildFile; fileRef = EDF0385318C16F4E0038B074 /* UIImageView+AFNetworking.m */; };
		EDFB0242186651360027AAC8 /* SearchCondition.m in Sources */ = {isa = PBXBuildFile; fileRef = EDFB0241186651360027AAC8 /* SearchCondition.m */; };
		EDFB0245186651EE0027AAC8 /* SearchLinkGenerator.m in Sources */ = {isa = PBXBuildFile; fileRef = EDFB0244186651EE0027AAC8 /* SearchLinkGenerator.m */; };
/* End PBXBuildFile section */

/* Begin PBXContainerItemProxy section */
		ED15162D1863B694008F04BD /* PBXContainerItemProxy */ = {
			isa = PBXContainerItemProxy;
			containerPortal = ED1515F31863B694008F04BD /* Project object */;
			proxyType = 1;
			remoteGlobalIDString = ED1515FA1863B694008F04BD;
			remoteInfo = Leboncoin;
		};
/* End PBXContainerItemProxy section */

/* Begin PBXFileReference section */
		ED07211018679E6500C8E89A /* ARCMacros.h */ = {isa = PBXFileReference; fileEncoding = 4; lastKnownFileType = sourcecode.c.h; path = ARCMacros.h; sourceTree = "<group>"; };
		ED07211118679E6500C8E89A /* FPPopoverController.h */ = {isa = PBXFileReference; fileEncoding = 4; lastKnownFileType = sourcecode.c.h; path = FPPopoverController.h; sourceTree = "<group>"; };
		ED07211218679E6500C8E89A /* FPPopoverController.m */ = {isa = PBXFileReference; fileEncoding = 4; lastKnownFileType = sourcecode.c.objc; path = FPPopoverController.m; sourceTree = "<group>"; };
		ED07211318679E6500C8E89A /* FPPopoverView.h */ = {isa = PBXFileReference; fileEncoding = 4; lastKnownFileType = sourcecode.c.h; path = FPPopoverView.h; sourceTree = "<group>"; };
		ED07211418679E6500C8E89A /* FPPopoverView.m */ = {isa = PBXFileReference; fileEncoding = 4; lastKnownFileType = sourcecode.c.objc; path = FPPopoverView.m; sourceTree = "<group>"; };
		ED07211518679E6500C8E89A /* FPTouchView.h */ = {isa = PBXFileReference; fileEncoding = 4; lastKnownFileType = sourcecode.c.h; path = FPTouchView.h; sourceTree = "<group>"; };
		ED07211618679E6500C8E89A /* FPTouchView.m */ = {isa = PBXFileReference; fileEncoding = 4; lastKnownFileType = sourcecode.c.objc; path = FPTouchView.m; sourceTree = "<group>"; };
		ED07211A18679F2500C8E89A /* QuartzCore.framework */ = {isa = PBXFileReference; lastKnownFileType = wrapper.framework; name = QuartzCore.framework; path = System/Library/Frameworks/QuartzCore.framework; sourceTree = SDKROOT; };
		ED07211C18679F6400C8E89A /* FPPopoverKeyboardResponsiveController.h */ = {isa = PBXFileReference; fileEncoding = 4; lastKnownFileType = sourcecode.c.h; path = FPPopoverKeyboardResponsiveController.h; sourceTree = "<group>"; };
		ED07211D18679F6400C8E89A /* FPPopoverKeyboardResponsiveController.m */ = {isa = PBXFileReference; fileEncoding = 4; lastKnownFileType = sourcecode.c.objc; path = FPPopoverKeyboardResponsiveController.m; sourceTree = "<group>"; };
		ED07211F1867A03800C8E89A /* AnnonceDetailViewController.h */ = {isa = PBXFileReference; fileEncoding = 4; lastKnownFileType = sourcecode.c.h; path = AnnonceDetailViewController.h; sourceTree = "<group>"; };
		ED0721201867A03800C8E89A /* AnnonceDetailViewController.m */ = {isa = PBXFileReference; fileEncoding = 4; lastKnownFileType = sourcecode.c.objc; path = AnnonceDetailViewController.m; sourceTree = "<group>"; };
		ED0721221867A26900C8E89A /* AnnonceDetail.h */ = {isa = PBXFileReference; fileEncoding = 4; lastKnownFileType = sourcecode.c.h; path = AnnonceDetail.h; sourceTree = "<group>"; };
		ED0721231867A26900C8E89A /* AnnonceDetail.m */ = {isa = PBXFileReference; fileEncoding = 4; lastKnownFileType = sourcecode.c.objc; path = AnnonceDetail.m; sourceTree = "<group>"; };
		ED1515FB1863B694008F04BD /* Leboncoin.app */ = {isa = PBXFileReference; explicitFileType = wrapper.application; includeInIndex = 0; path = Leboncoin.app; sourceTree = BUILT_PRODUCTS_DIR; };
		ED1515FE1863B694008F04BD /* Foundation.framework */ = {isa = PBXFileReference; lastKnownFileType = wrapper.framework; name = Foundation.framework; path = System/Library/Frameworks/Foundation.framework; sourceTree = SDKROOT; };
		ED1516001863B694008F04BD /* CoreGraphics.framework */ = {isa = PBXFileReference; lastKnownFileType = wrapper.framework; name = CoreGraphics.framework; path = System/Library/Frameworks/CoreGraphics.framework; sourceTree = SDKROOT; };
		ED1516021863B694008F04BD /* UIKit.framework */ = {isa = PBXFileReference; lastKnownFileType = wrapper.framework; name = UIKit.framework; path = System/Library/Frameworks/UIKit.framework; sourceTree = SDKROOT; };
		ED1516041863B694008F04BD /* CoreData.framework */ = {isa = PBXFileReference; lastKnownFileType = wrapper.framework; name = CoreData.framework; path = System/Library/Frameworks/CoreData.framework; sourceTree = SDKROOT; };
		ED1516081863B694008F04BD /* Leboncoin-Info.plist */ = {isa = PBXFileReference; lastKnownFileType = text.plist.xml; path = "Leboncoin-Info.plist"; sourceTree = "<group>"; };
		ED15160A1863B694008F04BD /* en */ = {isa = PBXFileReference; lastKnownFileType = text.plist.strings; name = en; path = en.lproj/InfoPlist.strings; sourceTree = "<group>"; };
		ED15160C1863B694008F04BD /* main.m */ = {isa = PBXFileReference; lastKnownFileType = sourcecode.c.objc; path = main.m; sourceTree = "<group>"; };
		ED15160E1863B694008F04BD /* Leboncoin-Prefix.pch */ = {isa = PBXFileReference; lastKnownFileType = sourcecode.c.h; path = "Leboncoin-Prefix.pch"; sourceTree = "<group>"; };
		ED15160F1863B694008F04BD /* AppDelegate.h */ = {isa = PBXFileReference; lastKnownFileType = sourcecode.c.h; path = AppDelegate.h; sourceTree = "<group>"; };
		ED1516101863B694008F04BD /* AppDelegate.m */ = {isa = PBXFileReference; lastKnownFileType = sourcecode.c.objc; path = AppDelegate.m; sourceTree = "<group>"; };
		ED1516131863B694008F04BD /* Base */ = {isa = PBXFileReference; lastKnownFileType = file.storyboard; name = Base; path = Base.lproj/Main_iPhone.storyboard; sourceTree = "<group>"; };
		ED1516161863B694008F04BD /* Base */ = {isa = PBXFileReference; lastKnownFileType = file.storyboard; name = Base; path = Base.lproj/Main_iPad.storyboard; sourceTree = "<group>"; };
		ED1516191863B694008F04BD /* Leboncoin.xcdatamodel */ = {isa = PBXFileReference; lastKnownFileType = wrapper.xcdatamodel; path = Leboncoin.xcdatamodel; sourceTree = "<group>"; };
		ED15161B1863B694008F04BD /* SearchResultViewController.h */ = {isa = PBXFileReference; lastKnownFileType = sourcecode.c.h; path = SearchResultViewController.h; sourceTree = "<group>"; };
		ED15161C1863B694008F04BD /* SearchResultViewController.m */ = {isa = PBXFileReference; lastKnownFileType = sourcecode.c.objc; path = SearchResultViewController.m; sourceTree = "<group>"; };
		ED15161E1863B694008F04BD /* FlipsideViewController.h */ = {isa = PBXFileReference; lastKnownFileType = sourcecode.c.h; path = FlipsideViewController.h; sourceTree = "<group>"; };
		ED15161F1863B694008F04BD /* FlipsideViewController.m */ = {isa = PBXFileReference; lastKnownFileType = sourcecode.c.objc; path = FlipsideViewController.m; sourceTree = "<group>"; };
		ED1516211863B694008F04BD /* Images.xcassets */ = {isa = PBXFileReference; lastKnownFileType = folder.assetcatalog; path = Images.xcassets; sourceTree = "<group>"; };
		ED1516271863B694008F04BD /* LeboncoinTests.xctest */ = {isa = PBXFileReference; explicitFileType = wrapper.cfbundle; includeInIndex = 0; path = LeboncoinTests.xctest; sourceTree = BUILT_PRODUCTS_DIR; };
		ED1516281863B694008F04BD /* XCTest.framework */ = {isa = PBXFileReference; lastKnownFileType = wrapper.framework; name = XCTest.framework; path = Library/Frameworks/XCTest.framework; sourceTree = DEVELOPER_DIR; };
		ED1516311863B694008F04BD /* LeboncoinTests-Info.plist */ = {isa = PBXFileReference; lastKnownFileType = text.plist.xml; path = "LeboncoinTests-Info.plist"; sourceTree = "<group>"; };
		ED1516331863B694008F04BD /* en */ = {isa = PBXFileReference; lastKnownFileType = text.plist.strings; name = en; path = en.lproj/InfoPlist.strings; sourceTree = "<group>"; };
		ED1516351863B694008F04BD /* LeboncoinTests.m */ = {isa = PBXFileReference; lastKnownFileType = sourcecode.c.objc; path = LeboncoinTests.m; sourceTree = "<group>"; };
		ED1FEDC1186E3E6400DA47A5 /* libstdc++.6.0.9.dylib */ = {isa = PBXFileReference; lastKnownFileType = "compiled.mach-o.dylib"; name = "libstdc++.6.0.9.dylib"; path = "usr/lib/libstdc++.6.0.9.dylib"; sourceTree = SDKROOT; };
		ED1FEDD7186E402000DA47A5 /* eng.cube.bigrams */ = {isa = PBXFileReference; fileEncoding = 4; lastKnownFileType = text; path = eng.cube.bigrams; sourceTree = "<group>"; };
		ED1FEDD8186E402000DA47A5 /* eng.cube.fold */ = {isa = PBXFileReference; fileEncoding = 4; lastKnownFileType = text; path = eng.cube.fold; sourceTree = "<group>"; };
		ED1FEDD9186E402000DA47A5 /* eng.cube.lm */ = {isa = PBXFileReference; explicitFileType = text; fileEncoding = 4; path = eng.cube.lm; sourceTree = "<group>"; };
		ED1FEDDA186E402000DA47A5 /* eng.cube.nn */ = {isa = PBXFileReference; lastKnownFileType = file; path = eng.cube.nn; sourceTree = "<group>"; };
		ED1FEDDB186E402000DA47A5 /* eng.cube.params */ = {isa = PBXFileReference; fileEncoding = 4; lastKnownFileType = text; path = eng.cube.params; sourceTree = "<group>"; };
		ED1FEDDC186E402000DA47A5 /* eng.cube.size */ = {isa = PBXFileReference; fileEncoding = 4; lastKnownFileType = text; path = eng.cube.size; sourceTree = "<group>"; };
		ED1FEDDD186E402000DA47A5 /* eng.cube.word-freq */ = {isa = PBXFileReference; fileEncoding = 4; lastKnownFileType = text; path = "eng.cube.word-freq"; sourceTree = "<group>"; };
		ED1FEDDE186E402000DA47A5 /* eng.tesseract_cube.nn */ = {isa = PBXFileReference; lastKnownFileType = file; path = eng.tesseract_cube.nn; sourceTree = "<group>"; };
		ED1FEDDF186E402000DA47A5 /* eng.traineddata */ = {isa = PBXFileReference; lastKnownFileType = file; path = eng.traineddata; sourceTree = "<group>"; };
		ED1FEDED186E51C300DA47A5 /* Accelerate.framework */ = {isa = PBXFileReference; lastKnownFileType = wrapper.framework; name = Accelerate.framework; path = System/Library/Frameworks/Accelerate.framework; sourceTree = SDKROOT; };
		ED1FEDEF186E51CA00DA47A5 /* AssetsLibrary.framework */ = {isa = PBXFileReference; lastKnownFileType = wrapper.framework; name = AssetsLibrary.framework; path = System/Library/Frameworks/AssetsLibrary.framework; sourceTree = SDKROOT; };
		ED1FEDF1186E51D100DA47A5 /* AVFoundation.framework */ = {isa = PBXFileReference; lastKnownFileType = wrapper.framework; name = AVFoundation.framework; path = System/Library/Frameworks/AVFoundation.framework; sourceTree = SDKROOT; };
		ED1FEDF3186E51DC00DA47A5 /* CoreImage.framework */ = {isa = PBXFileReference; lastKnownFileType = wrapper.framework; name = CoreImage.framework; path = System/Library/Frameworks/CoreImage.framework; sourceTree = SDKROOT; };
		ED1FEDF5186E51E200DA47A5 /* CoreVideo.framework */ = {isa = PBXFileReference; lastKnownFileType = wrapper.framework; name = CoreVideo.framework; path = System/Library/Frameworks/CoreVideo.framework; sourceTree = SDKROOT; };
		ED1FEDF7186E51F500DA47A5 /* libc++.dylib */ = {isa = PBXFileReference; lastKnownFileType = "compiled.mach-o.dylib"; name = "libc++.dylib"; path = "usr/lib/libc++.dylib"; sourceTree = SDKROOT; };
		ED2EA60B190F16C70097A313 /* SettingsViewController.h */ = {isa = PBXFileReference; fileEncoding = 4; lastKnownFileType = sourcecode.c.h; path = SettingsViewController.h; sourceTree = "<group>"; };
		ED2EA60C190F16C70097A313 /* SettingsViewController.m */ = {isa = PBXFileReference; fileEncoding = 4; lastKnownFileType = sourcecode.c.objc; path = SettingsViewController.m; sourceTree = "<group>"; };
		ED4BBB5F194A5B9900D2435D /* iAd.framework */ = {isa = PBXFileReference; lastKnownFileType = wrapper.framework; name = iAd.framework; path = System/Library/Frameworks/iAd.framework; sourceTree = SDKROOT; };
		ED746E1A18F4C566001A61B8 /* PKHPickerContainerView.h */ = {isa = PBXFileReference; fileEncoding = 4; lastKnownFileType = sourcecode.c.h; path = PKHPickerContainerView.h; sourceTree = "<group>"; };
		ED746E1B18F4C566001A61B8 /* PKHPickerContainerView.m */ = {isa = PBXFileReference; fileEncoding = 4; lastKnownFileType = sourcecode.c.objc; path = PKHPickerContainerView.m; sourceTree = "<group>"; };
		ED85D01818C7E17A0004CAF4 /* MainPageViewController.h */ = {isa = PBXFileReference; fileEncoding = 4; lastKnownFileType = sourcecode.c.h; path = MainPageViewController.h; sourceTree = "<group>"; };
		ED85D01918C7E17A0004CAF4 /* MainPageViewController.m */ = {isa = PBXFileReference; fileEncoding = 4; lastKnownFileType = sourcecode.c.objc; path = MainPageViewController.m; sourceTree = "<group>"; };
		ED85E36D1863B8EF0073FC3C /* CXMLDocument_CreationExtensions.h */ = {isa = PBXFileReference; fileEncoding = 4; lastKnownFileType = sourcecode.c.h; path = CXMLDocument_CreationExtensions.h; sourceTree = "<group>"; };
		ED85E36E1863B8EF0073FC3C /* CXMLDocument_CreationExtensions.m */ = {isa = PBXFileReference; fileEncoding = 4; lastKnownFileType = sourcecode.c.objc; path = CXMLDocument_CreationExtensions.m; sourceTree = "<group>"; };
		ED85E36F1863B8EF0073FC3C /* CXMLNode_CreationExtensions.h */ = {isa = PBXFileReference; fileEncoding = 4; lastKnownFileType = sourcecode.c.h; path = CXMLNode_CreationExtensions.h; sourceTree = "<group>"; };
		ED85E3701863B8EF0073FC3C /* CXMLNode_CreationExtensions.m */ = {isa = PBXFileReference; fileEncoding = 4; lastKnownFileType = sourcecode.c.objc; path = CXMLNode_CreationExtensions.m; sourceTree = "<group>"; };
		ED85E3711863B8EF0073FC3C /* CXHTMLDocument.h */ = {isa = PBXFileReference; fileEncoding = 4; lastKnownFileType = sourcecode.c.h; path = CXHTMLDocument.h; sourceTree = "<group>"; };
		ED85E3721863B8EF0073FC3C /* CXHTMLDocument.m */ = {isa = PBXFileReference; fileEncoding = 4; lastKnownFileType = sourcecode.c.objc; path = CXHTMLDocument.m; sourceTree = "<group>"; };
		ED85E3731863B8EF0073FC3C /* CXMLDocument.h */ = {isa = PBXFileReference; fileEncoding = 4; lastKnownFileType = sourcecode.c.h; path = CXMLDocument.h; sourceTree = "<group>"; };
		ED85E3741863B8EF0073FC3C /* CXMLDocument.m */ = {isa = PBXFileReference; fileEncoding = 4; lastKnownFileType = sourcecode.c.objc; path = CXMLDocument.m; sourceTree = "<group>"; };
		ED85E3751863B8EF0073FC3C /* CXMLDocument_PrivateExtensions.h */ = {isa = PBXFileReference; fileEncoding = 4; lastKnownFileType = sourcecode.c.h; path = CXMLDocument_PrivateExtensions.h; sourceTree = "<group>"; };
		ED85E3761863B8EF0073FC3C /* CXMLDocument_PrivateExtensions.m */ = {isa = PBXFileReference; fileEncoding = 4; lastKnownFileType = sourcecode.c.objc; path = CXMLDocument_PrivateExtensions.m; sourceTree = "<group>"; };
		ED85E3771863B8EF0073FC3C /* CXMLElement.h */ = {isa = PBXFileReference; fileEncoding = 4; lastKnownFileType = sourcecode.c.h; path = CXMLElement.h; sourceTree = "<group>"; };
		ED85E3781863B8EF0073FC3C /* CXMLElement.m */ = {isa = PBXFileReference; fileEncoding = 4; lastKnownFileType = sourcecode.c.objc; path = CXMLElement.m; sourceTree = "<group>"; };
		ED85E3791863B8EF0073FC3C /* CXMLElement_CreationExtensions.h */ = {isa = PBXFileReference; fileEncoding = 4; lastKnownFileType = sourcecode.c.h; path = CXMLElement_CreationExtensions.h; sourceTree = "<group>"; };
		ED85E37A1863B8EF0073FC3C /* CXMLElement_CreationExtensions.m */ = {isa = PBXFileReference; fileEncoding = 4; lastKnownFileType = sourcecode.c.objc; path = CXMLElement_CreationExtensions.m; sourceTree = "<group>"; };
		ED85E37B1863B8EF0073FC3C /* CXMLElement_ElementTreeExtensions.h */ = {isa = PBXFileReference; fileEncoding = 4; lastKnownFileType = sourcecode.c.h; path = CXMLElement_ElementTreeExtensions.h; sourceTree = "<group>"; };
		ED85E37C1863B8EF0073FC3C /* CXMLElement_ElementTreeExtensions.m */ = {isa = PBXFileReference; fileEncoding = 4; lastKnownFileType = sourcecode.c.objc; path = CXMLElement_ElementTreeExtensions.m; sourceTree = "<group>"; };
		ED85E37D1863B8EF0073FC3C /* CXMLNamespaceNode.h */ = {isa = PBXFileReference; fileEncoding = 4; lastKnownFileType = sourcecode.c.h; path = CXMLNamespaceNode.h; sourceTree = "<group>"; };
		ED85E37E1863B8EF0073FC3C /* CXMLNamespaceNode.m */ = {isa = PBXFileReference; fileEncoding = 4; lastKnownFileType = sourcecode.c.objc; path = CXMLNamespaceNode.m; sourceTree = "<group>"; };
		ED85E37F1863B8EF0073FC3C /* CXMLNode.h */ = {isa = PBXFileReference; fileEncoding = 4; lastKnownFileType = sourcecode.c.h; path = CXMLNode.h; sourceTree = "<group>"; };
		ED85E3801863B8EF0073FC3C /* CXMLNode.m */ = {isa = PBXFileReference; fileEncoding = 4; lastKnownFileType = sourcecode.c.objc; path = CXMLNode.m; sourceTree = "<group>"; };
		ED85E3811863B8EF0073FC3C /* CXMLNode_PrivateExtensions.h */ = {isa = PBXFileReference; fileEncoding = 4; lastKnownFileType = sourcecode.c.h; path = CXMLNode_PrivateExtensions.h; sourceTree = "<group>"; };
		ED85E3821863B8EF0073FC3C /* CXMLNode_PrivateExtensions.m */ = {isa = PBXFileReference; fileEncoding = 4; lastKnownFileType = sourcecode.c.objc; path = CXMLNode_PrivateExtensions.m; sourceTree = "<group>"; };
		ED85E3831863B8EF0073FC3C /* CXMLNode_XPathExtensions.h */ = {isa = PBXFileReference; fileEncoding = 4; lastKnownFileType = sourcecode.c.h; path = CXMLNode_XPathExtensions.h; sourceTree = "<group>"; };
		ED85E3841863B8EF0073FC3C /* CXMLNode_XPathExtensions.m */ = {isa = PBXFileReference; fileEncoding = 4; lastKnownFileType = sourcecode.c.objc; path = CXMLNode_XPathExtensions.m; sourceTree = "<group>"; };
		ED85E3861863B8EF0073FC3C /* CTidy.h */ = {isa = PBXFileReference; fileEncoding = 4; lastKnownFileType = sourcecode.c.h; path = CTidy.h; sourceTree = "<group>"; };
		ED85E3871863B8EF0073FC3C /* CTidy.m */ = {isa = PBXFileReference; fileEncoding = 4; lastKnownFileType = sourcecode.c.objc; path = CTidy.m; sourceTree = "<group>"; };
		ED85E3881863B8EF0073FC3C /* TouchXML.h */ = {isa = PBXFileReference; fileEncoding = 4; lastKnownFileType = sourcecode.c.h; path = TouchXML.h; sourceTree = "<group>"; };
		ED85E3971863B99D0073FC3C /* libxml2.dylib */ = {isa = PBXFileReference; lastKnownFileType = "compiled.mach-o.dylib"; name = libxml2.dylib; path = usr/lib/libxml2.dylib; sourceTree = SDKROOT; };
		ED85E3991863BA4B0073FC3C /* LeboncoinAgent.h */ = {isa = PBXFileReference; fileEncoding = 4; lastKnownFileType = sourcecode.c.h; path = LeboncoinAgent.h; sourceTree = "<group>"; };
		ED85E39A1863BA4B0073FC3C /* LeboncoinAgent.m */ = {isa = PBXFileReference; fileEncoding = 4; lastKnownFileType = sourcecode.c.objc; path = LeboncoinAgent.m; sourceTree = "<group>"; };
		ED85E39D1863C5F40073FC3C /* HTMLNode.h */ = {isa = PBXFileReference; fileEncoding = 4; lastKnownFileType = sourcecode.c.h; path = HTMLNode.h; sourceTree = "<group>"; };
		ED85E39E1863C5F40073FC3C /* HTMLNode.m */ = {isa = PBXFileReference; fileEncoding = 4; lastKnownFileType = sourcecode.c.objc; path = HTMLNode.m; sourceTree = "<group>"; };
		ED85E39F1863C5F40073FC3C /* HTMLParser.h */ = {isa = PBXFileReference; fileEncoding = 4; lastKnownFileType = sourcecode.c.h; path = HTMLParser.h; sourceTree = "<group>"; };
		ED85E3A01863C5F40073FC3C /* HTMLParser.m */ = {isa = PBXFileReference; fileEncoding = 4; lastKnownFileType = sourcecode.c.objc; path = HTMLParser.m; sourceTree = "<group>"; };
		ED85E3A11863C5F40073FC3C /* README.md */ = {isa = PBXFileReference; fileEncoding = 4; lastKnownFileType = text; path = README.md; sourceTree = "<group>"; };
		ED85E3A51863DB300073FC3C /* Annonce.h */ = {isa = PBXFileReference; fileEncoding = 4; lastKnownFileType = sourcecode.c.h; path = Annonce.h; sourceTree = "<group>"; };
		ED85E3A61863DB300073FC3C /* Annonce.m */ = {isa = PBXFileReference; fileEncoding = 4; lastKnownFileType = sourcecode.c.objc; path = Annonce.m; sourceTree = "<group>"; };
		ED8BF6EF1912766700323109 /* SearchCategoryViewController.h */ = {isa = PBXFileReference; fileEncoding = 4; lastKnownFileType = sourcecode.c.h; path = SearchCategoryViewController.h; sourceTree = "<group>"; };
		ED8BF6F01912766700323109 /* SearchCategoryViewController.m */ = {isa = PBXFileReference; fileEncoding = 4; lastKnownFileType = sourcecode.c.objc; path = SearchCategoryViewController.m; sourceTree = "<group>"; };
		ED8BF6F21912767400323109 /* SearchLocationSelectorViewController.h */ = {isa = PBXFileReference; fileEncoding = 4; lastKnownFileType = sourcecode.c.h; path = SearchLocationSelectorViewController.h; sourceTree = "<group>"; };
		ED8BF6F31912767400323109 /* SearchLocationSelectorViewController.m */ = {isa = PBXFileReference; fileEncoding = 4; lastKnownFileType = sourcecode.c.objc; path = SearchLocationSelectorViewController.m; sourceTree = "<group>"; };
		ED9A9029192425D400BD5E60 /* AdSupport.framework */ = {isa = PBXFileReference; lastKnownFileType = wrapper.framework; name = AdSupport.framework; path = System/Library/Frameworks/AdSupport.framework; sourceTree = SDKROOT; };
		ED9A902C192426DD00BD5E60 /* Hoa_OpenUDID.h */ = {isa = PBXFileReference; fileEncoding = 4; lastKnownFileType = sourcecode.c.h; path = Hoa_OpenUDID.h; sourceTree = "<group>"; };
		ED9A902D192426DD00BD5E60 /* Hoa_OpenUDID.m */ = {isa = PBXFileReference; fileEncoding = 4; lastKnownFileType = sourcecode.c.objc; path = Hoa_OpenUDID.m; sourceTree = "<group>"; };
		ED9A902E192426DD00BD5E60 /* README.md */ = {isa = PBXFileReference; fileEncoding = 4; lastKnownFileType = text; path = README.md; sourceTree = "<group>"; };
		EDD765D9186CE35200C283C6 /* ModelController.h */ = {isa = PBXFileReference; fileEncoding = 4; lastKnownFileType = sourcecode.c.h; path = ModelController.h; sourceTree = "<group>"; };
		EDD765DA186CE35200C283C6 /* ModelController.m */ = {isa = PBXFileReference; fileEncoding = 4; lastKnownFileType = sourcecode.c.objc; path = ModelController.m; sourceTree = "<group>"; };
		EDDAD383190F118200FF974A /* leboncoin.xml */ = {isa = PBXFileReference; fileEncoding = 4; lastKnownFileType = text.xml; path = leboncoin.xml; sourceTree = "<group>"; };
		EDE2C470187639C200F9B895 /* SearchManagerViewController.h */ = {isa = PBXFileReference; fileEncoding = 4; lastKnownFileType = sourcecode.c.h; path = SearchManagerViewController.h; sourceTree = "<group>"; };
		EDE2C471187639C200F9B895 /* SearchManagerViewController.m */ = {isa = PBXFileReference; fileEncoding = 4; lastKnownFileType = sourcecode.c.objc; path = SearchManagerViewController.m; sourceTree = "<group>"; };
		EDE2C473187639D300F9B895 /* SearchEditViewController.h */ = {isa = PBXFileReference; fileEncoding = 4; lastKnownFileType = sourcecode.c.h; path = SearchEditViewController.h; sourceTree = "<group>"; };
		EDE2C474187639D300F9B895 /* SearchEditViewController.m */ = {isa = PBXFileReference; fileEncoding = 4; lastKnownFileType = sourcecode.c.objc; path = SearchEditViewController.m; sourceTree = "<group>"; };
		EDF0383718C168940038B074 /* unknownImage.png */ = {isa = PBXFileReference; lastKnownFileType = image.png; path = unknownImage.png; sourceTree = "<group>"; };
		EDF0383918C16C300038B074 /* MHFacebookImageViewer.h */ = {isa = PBXFileReference; fileEncoding = 4; lastKnownFileType = sourcecode.c.h; path = MHFacebookImageViewer.h; sourceTree = "<group>"; };
		EDF0383A18C16C300038B074 /* MHFacebookImageViewer.m */ = {isa = PBXFileReference; fileEncoding = 4; lastKnownFileType = sourcecode.c.objc; path = MHFacebookImageViewer.m; sourceTree = "<group>"; };
		EDF0383C18C16C390038B074 /* Done.png */ = {isa = PBXFileReference; lastKnownFileType = image.png; name = Done.png; path = Leboncoin/Resources/Done.png; sourceTree = "<group>"; };
		EDF0383D18C16C390038B074 /* Done@2x.png */ = {isa = PBXFileReference; lastKnownFileType = image.png; name = "Done@2x.png"; path = "Leboncoin/Resources/Done@2x.png"; sourceTree = "<group>"; };
		EDF0384118C16F4E0038B074 /* AFHTTPClient.h */ = {isa = PBXFileReference; fileEncoding = 4; lastKnownFileType = sourcecode.c.h; path = AFHTTPClient.h; sourceTree = "<group>"; };
		EDF0384218C16F4E0038B074 /* AFHTTPClient.m */ = {isa = PBXFileReference; fileEncoding = 4; lastKnownFileType = sourcecode.c.objc; path = AFHTTPClient.m; sourceTree = "<group>"; };
		EDF0384318C16F4E0038B074 /* AFHTTPRequestOperation.h */ = {isa = PBXFileReference; fileEncoding = 4; lastKnownFileType = sourcecode.c.h; path = AFHTTPRequestOperation.h; sourceTree = "<group>"; };
		EDF0384418C16F4E0038B074 /* AFHTTPRequestOperation.m */ = {isa = PBXFileReference; fileEncoding = 4; lastKnownFileType = sourcecode.c.objc; path = AFHTTPRequestOperation.m; sourceTree = "<group>"; };
		EDF0384518C16F4E0038B074 /* AFImageRequestOperation.h */ = {isa = PBXFileReference; fileEncoding = 4; lastKnownFileType = sourcecode.c.h; path = AFImageRequestOperation.h; sourceTree = "<group>"; };
		EDF0384618C16F4E0038B074 /* AFImageRequestOperation.m */ = {isa = PBXFileReference; fileEncoding = 4; lastKnownFileType = sourcecode.c.objc; path = AFImageRequestOperation.m; sourceTree = "<group>"; };
		EDF0384718C16F4E0038B074 /* AFJSONRequestOperation.h */ = {isa = PBXFileReference; fileEncoding = 4; lastKnownFileType = sourcecode.c.h; path = AFJSONRequestOperation.h; sourceTree = "<group>"; };
		EDF0384818C16F4E0038B074 /* AFJSONRequestOperation.m */ = {isa = PBXFileReference; fileEncoding = 4; lastKnownFileType = sourcecode.c.objc; path = AFJSONRequestOperation.m; sourceTree = "<group>"; };
		EDF0384918C16F4E0038B074 /* AFNetworkActivityIndicatorManager.h */ = {isa = PBXFileReference; fileEncoding = 4; lastKnownFileType = sourcecode.c.h; path = AFNetworkActivityIndicatorManager.h; sourceTree = "<group>"; };
		EDF0384A18C16F4E0038B074 /* AFNetworkActivityIndicatorManager.m */ = {isa = PBXFileReference; fileEncoding = 4; lastKnownFileType = sourcecode.c.objc; path = AFNetworkActivityIndicatorManager.m; sourceTree = "<group>"; };
		EDF0384B18C16F4E0038B074 /* AFNetworking.h */ = {isa = PBXFileReference; fileEncoding = 4; lastKnownFileType = sourcecode.c.h; path = AFNetworking.h; sourceTree = "<group>"; };
		EDF0384C18C16F4E0038B074 /* AFPropertyListRequestOperation.h */ = {isa = PBXFileReference; fileEncoding = 4; lastKnownFileType = sourcecode.c.h; path = AFPropertyListRequestOperation.h; sourceTree = "<group>"; };
		EDF0384D18C16F4E0038B074 /* AFPropertyListRequestOperation.m */ = {isa = PBXFileReference; fileEncoding = 4; lastKnownFileType = sourcecode.c.objc; path = AFPropertyListRequestOperation.m; sourceTree = "<group>"; };
		EDF0384E18C16F4E0038B074 /* AFURLConnectionOperation.h */ = {isa = PBXFileReference; fileEncoding = 4; lastKnownFileType = sourcecode.c.h; path = AFURLConnectionOperation.h; sourceTree = "<group>"; };
		EDF0384F18C16F4E0038B074 /* AFURLConnectionOperation.m */ = {isa = PBXFileReference; fileEncoding = 4; lastKnownFileType = sourcecode.c.objc; path = AFURLConnectionOperation.m; sourceTree = "<group>"; };
		EDF0385018C16F4E0038B074 /* AFXMLRequestOperation.h */ = {isa = PBXFileReference; fileEncoding = 4; lastKnownFileType = sourcecode.c.h; path = AFXMLRequestOperation.h; sourceTree = "<group>"; };
		EDF0385118C16F4E0038B074 /* AFXMLRequestOperation.m */ = {isa = PBXFileReference; fileEncoding = 4; lastKnownFileType = sourcecode.c.objc; path = AFXMLRequestOperation.m; sourceTree = "<group>"; };
		EDF0385218C16F4E0038B074 /* UIImageView+AFNetworking.h */ = {isa = PBXFileReference; fileEncoding = 4; lastKnownFileType = sourcecode.c.h; path = "UIImageView+AFNetworking.h"; sourceTree = "<group>"; };
		EDF0385318C16F4E0038B074 /* UIImageView+AFNetworking.m */ = {isa = PBXFileReference; fileEncoding = 4; lastKnownFileType = sourcecode.c.objc; path = "UIImageView+AFNetworking.m"; sourceTree = "<group>"; };
		EDFB0240186651360027AAC8 /* SearchCondition.h */ = {isa = PBXFileReference; fileEncoding = 4; lastKnownFileType = sourcecode.c.h; path = SearchCondition.h; sourceTree = "<group>"; };
		EDFB0241186651360027AAC8 /* SearchCondition.m */ = {isa = PBXFileReference; fileEncoding = 4; lastKnownFileType = sourcecode.c.objc; path = SearchCondition.m; sourceTree = "<group>"; };
		EDFB0243186651EE0027AAC8 /* SearchLinkGenerator.h */ = {isa = PBXFileReference; fileEncoding = 4; lastKnownFileType = sourcecode.c.h; path = SearchLinkGenerator.h; sourceTree = "<group>"; };
		EDFB0244186651EE0027AAC8 /* SearchLinkGenerator.m */ = {isa = PBXFileReference; fileEncoding = 4; lastKnownFileType = sourcecode.c.objc; path = SearchLinkGenerator.m; sourceTree = "<group>"; };
/* End PBXFileReference section */

/* Begin PBXFrameworksBuildPhase section */
		ED1515F81863B694008F04BD /* Frameworks */ = {
			isa = PBXFrameworksBuildPhase;
			buildActionMask = 2147483647;
			files = (
				ED4BBB60194A5B9900D2435D /* iAd.framework in Frameworks */,
				ED9A902A192425D400BD5E60 /* AdSupport.framework in Frameworks */,
				ED1FEDF8186E51F500DA47A5 /* libc++.dylib in Frameworks */,
				ED1FEDF6186E51E200DA47A5 /* CoreVideo.framework in Frameworks */,
				ED1FEDF4186E51DC00DA47A5 /* CoreImage.framework in Frameworks */,
				ED1FEDF2186E51D100DA47A5 /* AVFoundation.framework in Frameworks */,
				ED1FEDF0186E51CA00DA47A5 /* AssetsLibrary.framework in Frameworks */,
				ED1FEDEE186E51C300DA47A5 /* Accelerate.framework in Frameworks */,
				ED1FEDC2186E3E6400DA47A5 /* libstdc++.6.0.9.dylib in Frameworks */,
				ED07211B18679F2500C8E89A /* QuartzCore.framework in Frameworks */,
				ED85E3981863B99D0073FC3C /* libxml2.dylib in Frameworks */,
				ED1516011863B694008F04BD /* CoreGraphics.framework in Frameworks */,
				ED1516051863B694008F04BD /* CoreData.framework in Frameworks */,
				ED1516031863B694008F04BD /* UIKit.framework in Frameworks */,
				ED1515FF1863B694008F04BD /* Foundation.framework in Frameworks */,
			);
			runOnlyForDeploymentPostprocessing = 0;
		};
		ED1516241863B694008F04BD /* Frameworks */ = {
			isa = PBXFrameworksBuildPhase;
			buildActionMask = 2147483647;
			files = (
				ED1516291863B694008F04BD /* XCTest.framework in Frameworks */,
				ED15162C1863B694008F04BD /* CoreData.framework in Frameworks */,
				ED15162B1863B694008F04BD /* UIKit.framework in Frameworks */,
				ED15162A1863B694008F04BD /* Foundation.framework in Frameworks */,
			);
			runOnlyForDeploymentPostprocessing = 0;
		};
/* End PBXFrameworksBuildPhase section */

/* Begin PBXGroup section */
		ED07210E18679E2100C8E89A /* fppopover */ = {
			isa = PBXGroup;
			children = (
				ED07211C18679F6400C8E89A /* FPPopoverKeyboardResponsiveController.h */,
				ED07211D18679F6400C8E89A /* FPPopoverKeyboardResponsiveController.m */,
				ED07211018679E6500C8E89A /* ARCMacros.h */,
				ED07211118679E6500C8E89A /* FPPopoverController.h */,
				ED07211218679E6500C8E89A /* FPPopoverController.m */,
				ED07211318679E6500C8E89A /* FPPopoverView.h */,
				ED07211418679E6500C8E89A /* FPPopoverView.m */,
				ED07211518679E6500C8E89A /* FPTouchView.h */,
				ED07211618679E6500C8E89A /* FPTouchView.m */,
			);
			path = fppopover;
			sourceTree = "<group>";
		};
		ED1515F21863B694008F04BD = {
			isa = PBXGroup;
			children = (
				EDF0383718C168940038B074 /* unknownImage.png */,
				EDF0383C18C16C390038B074 /* Done.png */,
				EDDAD383190F118200FF974A /* leboncoin.xml */,
				EDF0383D18C16C390038B074 /* Done@2x.png */,
				ED1516061863B694008F04BD /* Leboncoin */,
				ED15162F1863B694008F04BD /* LeboncoinTests */,
				ED1515FD1863B694008F04BD /* Frameworks */,
				ED1515FC1863B694008F04BD /* Products */,
			);
			sourceTree = "<group>";
		};
		ED1515FC1863B694008F04BD /* Products */ = {
			isa = PBXGroup;
			children = (
				ED1515FB1863B694008F04BD /* Leboncoin.app */,
				ED1516271863B694008F04BD /* LeboncoinTests.xctest */,
			);
			name = Products;
			sourceTree = "<group>";
		};
		ED1515FD1863B694008F04BD /* Frameworks */ = {
			isa = PBXGroup;
			children = (
				ED4BBB5F194A5B9900D2435D /* iAd.framework */,
				ED9A9029192425D400BD5E60 /* AdSupport.framework */,
				ED1FEDF7186E51F500DA47A5 /* libc++.dylib */,
				ED1FEDF5186E51E200DA47A5 /* CoreVideo.framework */,
				ED1FEDF3186E51DC00DA47A5 /* CoreImage.framework */,
				ED1FEDF1186E51D100DA47A5 /* AVFoundation.framework */,
				ED1FEDEF186E51CA00DA47A5 /* AssetsLibrary.framework */,
				ED1FEDED186E51C300DA47A5 /* Accelerate.framework */,
				ED1FEDC1186E3E6400DA47A5 /* libstdc++.6.0.9.dylib */,
				ED07211A18679F2500C8E89A /* QuartzCore.framework */,
				ED85E3971863B99D0073FC3C /* libxml2.dylib */,
				ED1515FE1863B694008F04BD /* Foundation.framework */,
				ED1516001863B694008F04BD /* CoreGraphics.framework */,
				ED1516021863B694008F04BD /* UIKit.framework */,
				ED1516041863B694008F04BD /* CoreData.framework */,
				ED1516281863B694008F04BD /* XCTest.framework */,
			);
			name = Frameworks;
			sourceTree = "<group>";
		};
		ED1516061863B694008F04BD /* Leboncoin */ = {
			isa = PBXGroup;
			children = (
				ED85E36A1863B8EF0073FC3C /* 3rd */,
				ED85E3961863B8F70073FC3C /* src */,
				ED15160F1863B694008F04BD /* AppDelegate.h */,
				ED1516101863B694008F04BD /* AppDelegate.m */,
				ED85D01818C7E17A0004CAF4 /* MainPageViewController.h */,
				ED85D01918C7E17A0004CAF4 /* MainPageViewController.m */,
				ED1516121863B694008F04BD /* Main_iPhone.storyboard */,
				ED1516151863B694008F04BD /* Main_iPad.storyboard */,
				ED07211F1867A03800C8E89A /* AnnonceDetailViewController.h */,
				ED0721201867A03800C8E89A /* AnnonceDetailViewController.m */,
				ED15161B1863B694008F04BD /* SearchResultViewController.h */,
				ED15161C1863B694008F04BD /* SearchResultViewController.m */,
				EDE2C470187639C200F9B895 /* SearchManagerViewController.h */,
				EDE2C471187639C200F9B895 /* SearchManagerViewController.m */,
				EDE2C473187639D300F9B895 /* SearchEditViewController.h */,
				EDE2C474187639D300F9B895 /* SearchEditViewController.m */,
				ED2EA60B190F16C70097A313 /* SettingsViewController.h */,
				ED2EA60C190F16C70097A313 /* SettingsViewController.m */,
				ED8BF6EF1912766700323109 /* SearchCategoryViewController.h */,
				ED8BF6F01912766700323109 /* SearchCategoryViewController.m */,
				ED8BF6F21912767400323109 /* SearchLocationSelectorViewController.h */,
				ED8BF6F31912767400323109 /* SearchLocationSelectorViewController.m */,
				ED15161E1863B694008F04BD /* FlipsideViewController.h */,
				ED15161F1863B694008F04BD /* FlipsideViewController.m */,
				ED1516211863B694008F04BD /* Images.xcassets */,
				ED1516181863B694008F04BD /* Leboncoin.xcdatamodeld */,
				ED1516071863B694008F04BD /* Supporting Files */,
			);
			path = Leboncoin;
			sourceTree = "<group>";
		};
		ED1516071863B694008F04BD /* Supporting Files */ = {
			isa = PBXGroup;
			children = (
				ED1FEDD6186E402000DA47A5 /* tessdata */,
				ED1516081863B694008F04BD /* Leboncoin-Info.plist */,
				ED1516091863B694008F04BD /* InfoPlist.strings */,
				ED15160C1863B694008F04BD /* main.m */,
				ED15160E1863B694008F04BD /* Leboncoin-Prefix.pch */,
			);
			name = "Supporting Files";
			sourceTree = "<group>";
		};
		ED15162F1863B694008F04BD /* LeboncoinTests */ = {
			isa = PBXGroup;
			children = (
				ED1516351863B694008F04BD /* LeboncoinTests.m */,
				ED1516301863B694008F04BD /* Supporting Files */,
			);
			path = LeboncoinTests;
			sourceTree = "<group>";
		};
		ED1516301863B694008F04BD /* Supporting Files */ = {
			isa = PBXGroup;
			children = (
				ED1516311863B694008F04BD /* LeboncoinTests-Info.plist */,
				ED1516321863B694008F04BD /* InfoPlist.strings */,
			);
			name = "Supporting Files";
			sourceTree = "<group>";
		};
		ED1FEDD6186E402000DA47A5 /* tessdata */ = {
			isa = PBXGroup;
			children = (
				ED1FEDD7186E402000DA47A5 /* eng.cube.bigrams */,
				ED1FEDD8186E402000DA47A5 /* eng.cube.fold */,
				ED1FEDD9186E402000DA47A5 /* eng.cube.lm */,
				ED1FEDDA186E402000DA47A5 /* eng.cube.nn */,
				ED1FEDDB186E402000DA47A5 /* eng.cube.params */,
				ED1FEDDC186E402000DA47A5 /* eng.cube.size */,
				ED1FEDDD186E402000DA47A5 /* eng.cube.word-freq */,
				ED1FEDDE186E402000DA47A5 /* eng.tesseract_cube.nn */,
				ED1FEDDF186E402000DA47A5 /* eng.traineddata */,
			);
			path = tessdata;
			sourceTree = "<group>";
		};
		ED746E1918F4C566001A61B8 /* PKHPicker */ = {
			isa = PBXGroup;
			children = (
				ED746E1A18F4C566001A61B8 /* PKHPickerContainerView.h */,
				ED746E1B18F4C566001A61B8 /* PKHPickerContainerView.m */,
			);
			path = PKHPicker;
			sourceTree = "<group>";
		};
		ED85E36A1863B8EF0073FC3C /* 3rd */ = {
			isa = PBXGroup;
			children = (
				ED9A902B192426DD00BD5E60 /* openUDID */,
				ED746E1918F4C566001A61B8 /* PKHPicker */,
				EDF0384018C16F4E0038B074 /* AFNetworking */,
				EDF0383918C16C300038B074 /* MHFacebookImageViewer.h */,
				EDF0383A18C16C300038B074 /* MHFacebookImageViewer.m */,
				ED07210E18679E2100C8E89A /* fppopover */,
				ED85E39C1863C5F40073FC3C /* objcHtmlParser */,
				ED85E36B1863B8EF0073FC3C /* TouchXML */,
			);
			path = 3rd;
			sourceTree = "<group>";
		};
		ED85E36B1863B8EF0073FC3C /* TouchXML */ = {
			isa = PBXGroup;
			children = (
				ED85E36C1863B8EF0073FC3C /* Creation */,
				ED85E3711863B8EF0073FC3C /* CXHTMLDocument.h */,
				ED85E3721863B8EF0073FC3C /* CXHTMLDocument.m */,
				ED85E3731863B8EF0073FC3C /* CXMLDocument.h */,
				ED85E3741863B8EF0073FC3C /* CXMLDocument.m */,
				ED85E3751863B8EF0073FC3C /* CXMLDocument_PrivateExtensions.h */,
				ED85E3761863B8EF0073FC3C /* CXMLDocument_PrivateExtensions.m */,
				ED85E3771863B8EF0073FC3C /* CXMLElement.h */,
				ED85E3781863B8EF0073FC3C /* CXMLElement.m */,
				ED85E3791863B8EF0073FC3C /* CXMLElement_CreationExtensions.h */,
				ED85E37A1863B8EF0073FC3C /* CXMLElement_CreationExtensions.m */,
				ED85E37B1863B8EF0073FC3C /* CXMLElement_ElementTreeExtensions.h */,
				ED85E37C1863B8EF0073FC3C /* CXMLElement_ElementTreeExtensions.m */,
				ED85E37D1863B8EF0073FC3C /* CXMLNamespaceNode.h */,
				ED85E37E1863B8EF0073FC3C /* CXMLNamespaceNode.m */,
				ED85E37F1863B8EF0073FC3C /* CXMLNode.h */,
				ED85E3801863B8EF0073FC3C /* CXMLNode.m */,
				ED85E3811863B8EF0073FC3C /* CXMLNode_PrivateExtensions.h */,
				ED85E3821863B8EF0073FC3C /* CXMLNode_PrivateExtensions.m */,
				ED85E3831863B8EF0073FC3C /* CXMLNode_XPathExtensions.h */,
				ED85E3841863B8EF0073FC3C /* CXMLNode_XPathExtensions.m */,
				ED85E3851863B8EF0073FC3C /* Tidy */,
				ED85E3881863B8EF0073FC3C /* TouchXML.h */,
			);
			path = TouchXML;
			sourceTree = "<group>";
		};
		ED85E36C1863B8EF0073FC3C /* Creation */ = {
			isa = PBXGroup;
			children = (
				ED85E36D1863B8EF0073FC3C /* CXMLDocument_CreationExtensions.h */,
				ED85E36E1863B8EF0073FC3C /* CXMLDocument_CreationExtensions.m */,
				ED85E36F1863B8EF0073FC3C /* CXMLNode_CreationExtensions.h */,
				ED85E3701863B8EF0073FC3C /* CXMLNode_CreationExtensions.m */,
			);
			path = Creation;
			sourceTree = "<group>";
		};
		ED85E3851863B8EF0073FC3C /* Tidy */ = {
			isa = PBXGroup;
			children = (
				ED85E3861863B8EF0073FC3C /* CTidy.h */,
				ED85E3871863B8EF0073FC3C /* CTidy.m */,
			);
			path = Tidy;
			sourceTree = "<group>";
		};
		ED85E3961863B8F70073FC3C /* src */ = {
			isa = PBXGroup;
			children = (
				EDD765D8186CE34200C283C6 /* PageController */,
				ED85E3991863BA4B0073FC3C /* LeboncoinAgent.h */,
				ED85E39A1863BA4B0073FC3C /* LeboncoinAgent.m */,
				ED85E3A51863DB300073FC3C /* Annonce.h */,
				ED85E3A61863DB300073FC3C /* Annonce.m */,
				ED0721221867A26900C8E89A /* AnnonceDetail.h */,
				ED0721231867A26900C8E89A /* AnnonceDetail.m */,
				EDFB0240186651360027AAC8 /* SearchCondition.h */,
				EDFB0241186651360027AAC8 /* SearchCondition.m */,
				EDFB0243186651EE0027AAC8 /* SearchLinkGenerator.h */,
				EDFB0244186651EE0027AAC8 /* SearchLinkGenerator.m */,
			);
			path = src;
			sourceTree = "<group>";
		};
		ED85E39C1863C5F40073FC3C /* objcHtmlParser */ = {
			isa = PBXGroup;
			children = (
				ED85E39D1863C5F40073FC3C /* HTMLNode.h */,
				ED85E39E1863C5F40073FC3C /* HTMLNode.m */,
				ED85E39F1863C5F40073FC3C /* HTMLParser.h */,
				ED85E3A01863C5F40073FC3C /* HTMLParser.m */,
				ED85E3A11863C5F40073FC3C /* README.md */,
			);
			path = objcHtmlParser;
			sourceTree = "<group>";
		};
		ED9A902B192426DD00BD5E60 /* openUDID */ = {
			isa = PBXGroup;
			children = (
				ED9A902C192426DD00BD5E60 /* Hoa_OpenUDID.h */,
				ED9A902D192426DD00BD5E60 /* Hoa_OpenUDID.m */,
				ED9A902E192426DD00BD5E60 /* README.md */,
			);
			path = openUDID;
			sourceTree = "<group>";
		};
		EDD765D8186CE34200C283C6 /* PageController */ = {
			isa = PBXGroup;
			children = (
				EDD765D9186CE35200C283C6 /* ModelController.h */,
				EDD765DA186CE35200C283C6 /* ModelController.m */,
			);
			path = PageController;
			sourceTree = "<group>";
		};
		EDF0384018C16F4E0038B074 /* AFNetworking */ = {
			isa = PBXGroup;
			children = (
				EDF0384118C16F4E0038B074 /* AFHTTPClient.h */,
				EDF0384218C16F4E0038B074 /* AFHTTPClient.m */,
				EDF0384318C16F4E0038B074 /* AFHTTPRequestOperation.h */,
				EDF0384418C16F4E0038B074 /* AFHTTPRequestOperation.m */,
				EDF0384518C16F4E0038B074 /* AFImageRequestOperation.h */,
				EDF0384618C16F4E0038B074 /* AFImageRequestOperation.m */,
				EDF0384718C16F4E0038B074 /* AFJSONRequestOperation.h */,
				EDF0384818C16F4E0038B074 /* AFJSONRequestOperation.m */,
				EDF0384918C16F4E0038B074 /* AFNetworkActivityIndicatorManager.h */,
				EDF0384A18C16F4E0038B074 /* AFNetworkActivityIndicatorManager.m */,
				EDF0384B18C16F4E0038B074 /* AFNetworking.h */,
				EDF0384C18C16F4E0038B074 /* AFPropertyListRequestOperation.h */,
				EDF0384D18C16F4E0038B074 /* AFPropertyListRequestOperation.m */,
				EDF0384E18C16F4E0038B074 /* AFURLConnectionOperation.h */,
				EDF0384F18C16F4E0038B074 /* AFURLConnectionOperation.m */,
				EDF0385018C16F4E0038B074 /* AFXMLRequestOperation.h */,
				EDF0385118C16F4E0038B074 /* AFXMLRequestOperation.m */,
				EDF0385218C16F4E0038B074 /* UIImageView+AFNetworking.h */,
				EDF0385318C16F4E0038B074 /* UIImageView+AFNetworking.m */,
			);
			path = AFNetworking;
			sourceTree = "<group>";
		};
/* End PBXGroup section */

/* Begin PBXNativeTarget section */
		ED1515FA1863B694008F04BD /* Leboncoin */ = {
			isa = PBXNativeTarget;
			buildConfigurationList = ED1516391863B694008F04BD /* Build configuration list for PBXNativeTarget "Leboncoin" */;
			buildPhases = (
				ED1515F71863B694008F04BD /* Sources */,
				ED1515F81863B694008F04BD /* Frameworks */,
				ED1515F91863B694008F04BD /* Resources */,
			);
			buildRules = (
			);
			dependencies = (
			);
			name = Leboncoin;
			productName = Leboncoin;
			productReference = ED1515FB1863B694008F04BD /* Leboncoin.app */;
			productType = "com.apple.product-type.application";
		};
		ED1516261863B694008F04BD /* LeboncoinTests */ = {
			isa = PBXNativeTarget;
			buildConfigurationList = ED15163C1863B694008F04BD /* Build configuration list for PBXNativeTarget "LeboncoinTests" */;
			buildPhases = (
				ED1516231863B694008F04BD /* Sources */,
				ED1516241863B694008F04BD /* Frameworks */,
				ED1516251863B694008F04BD /* Resources */,
			);
			buildRules = (
			);
			dependencies = (
				ED15162E1863B694008F04BD /* PBXTargetDependency */,
			);
			name = LeboncoinTests;
			productName = LeboncoinTests;
			productReference = ED1516271863B694008F04BD /* LeboncoinTests.xctest */;
			productType = "com.apple.product-type.bundle.unit-test";
		};
/* End PBXNativeTarget section */

/* Begin PBXProject section */
		ED1515F31863B694008F04BD /* Project object */ = {
			isa = PBXProject;
			attributes = {
				LastUpgradeCheck = 0510;
				ORGANIZATIONNAME = "Duyen Hoa Ha";
				TargetAttributes = {
					ED1515FA1863B694008F04BD = {
						SystemCapabilities = {
							com.apple.BackgroundModes = {
								enabled = 1;
							};
						};
					};
					ED1516261863B694008F04BD = {
						TestTargetID = ED1515FA1863B694008F04BD;
					};
				};
			};
			buildConfigurationList = ED1515F61863B694008F04BD /* Build configuration list for PBXProject "Leboncoin" */;
			compatibilityVersion = "Xcode 3.2";
			developmentRegion = English;
			hasScannedForEncodings = 0;
			knownRegions = (
				en,
				Base,
			);
			mainGroup = ED1515F21863B694008F04BD;
			productRefGroup = ED1515FC1863B694008F04BD /* Products */;
			projectDirPath = "";
			projectRoot = "";
			targets = (
				ED1515FA1863B694008F04BD /* Leboncoin */,
				ED1516261863B694008F04BD /* LeboncoinTests */,
			);
		};
/* End PBXProject section */

/* Begin PBXResourcesBuildPhase section */
		ED1515F91863B694008F04BD /* Resources */ = {
			isa = PBXResourcesBuildPhase;
			buildActionMask = 2147483647;
			files = (
				ED1516171863B694008F04BD /* Main_iPad.storyboard in Resources */,
				ED1FEDE8186E402000DA47A5 /* eng.traineddata in Resources */,
				ED1FEDE1186E402000DA47A5 /* eng.cube.fold in Resources */,
				ED1FEDE4186E402000DA47A5 /* eng.cube.params in Resources */,
				ED1FEDE6186E402000DA47A5 /* eng.cube.word-freq in Resources */,
				ED1516221863B694008F04BD /* Images.xcassets in Resources */,
				ED9A9030192426DD00BD5E60 /* README.md in Resources */,
				ED85E3A41863C5F40073FC3C /* README.md in Resources */,
				EDDAD384190F118200FF974A /* leboncoin.xml in Resources */,
				ED1FEDE3186E402000DA47A5 /* eng.cube.nn in Resources */,
				ED1516141863B694008F04BD /* Main_iPhone.storyboard in Resources */,
				ED1FEDE5186E402000DA47A5 /* eng.cube.size in Resources */,
				EDF0383818C168940038B074 /* unknownImage.png in Resources */,
				ED1FEDE0186E402000DA47A5 /* eng.cube.bigrams in Resources */,
				EDF0383E18C16C390038B074 /* Done.png in Resources */,
				ED15160B1863B694008F04BD /* InfoPlist.strings in Resources */,
				EDF0383F18C16C390038B074 /* Done@2x.png in Resources */,
				ED1FEDE7186E402000DA47A5 /* eng.tesseract_cube.nn in Resources */,
			);
			runOnlyForDeploymentPostprocessing = 0;
		};
		ED1516251863B694008F04BD /* Resources */ = {
			isa = PBXResourcesBuildPhase;
			buildActionMask = 2147483647;
			files = (
				ED1516341863B694008F04BD /* InfoPlist.strings in Resources */,
			);
			runOnlyForDeploymentPostprocessing = 0;
		};
/* End PBXResourcesBuildPhase section */

/* Begin PBXSourcesBuildPhase section */
		ED1515F71863B694008F04BD /* Sources */ = {
			isa = PBXSourcesBuildPhase;
			buildActionMask = 2147483647;
			files = (
				EDF0385818C16F4E0038B074 /* AFNetworkActivityIndicatorManager.m in Sources */,
				ED85E3A21863C5F40073FC3C /* HTMLNode.m in Sources */,
				ED85E3901863B8EF0073FC3C /* CXMLElement_ElementTreeExtensions.m in Sources */,
				ED2EA60D190F16C70097A313 /* SettingsViewController.m in Sources */,
				EDF0385518C16F4E0038B074 /* AFHTTPRequestOperation.m in Sources */,
				ED1FEDE2186E402000DA47A5 /* eng.cube.lm in Sources */,
				ED07211718679E6500C8E89A /* FPPopoverController.m in Sources */,
				ED85E38D1863B8EF0073FC3C /* CXMLDocument_PrivateExtensions.m in Sources */,
				EDF0385918C16F4E0038B074 /* AFPropertyListRequestOperation.m in Sources */,
				ED1516111863B694008F04BD /* AppDelegate.m in Sources */,
				EDF0385A18C16F4E0038B074 /* AFURLConnectionOperation.m in Sources */,
				ED0721241867A26900C8E89A /* AnnonceDetail.m in Sources */,
				EDF0385618C16F4E0038B074 /* AFImageRequestOperation.m in Sources */,
				ED85E3951863B8EF0073FC3C /* CTidy.m in Sources */,
				ED07211818679E6500C8E89A /* FPPopoverView.m in Sources */,
				ED85E3911863B8EF0073FC3C /* CXMLNamespaceNode.m in Sources */,
				EDF0385C18C16F4E0038B074 /* UIImageView+AFNetworking.m in Sources */,
				EDF0385B18C16F4E0038B074 /* AFXMLRequestOperation.m in Sources */,
				ED85E38E1863B8EF0073FC3C /* CXMLElement.m in Sources */,
				ED8BF6F11912766700323109 /* SearchCategoryViewController.m in Sources */,
				ED9A902F192426DD00BD5E60 /* Hoa_OpenUDID.m in Sources */,
				ED85E38A1863B8EF0073FC3C /* CXMLNode_CreationExtensions.m in Sources */,
				ED85E3A71863DB300073FC3C /* Annonce.m in Sources */,
				EDF0383B18C16C300038B074 /* MHFacebookImageViewer.m in Sources */,
				ED85E38B1863B8EF0073FC3C /* CXHTMLDocument.m in Sources */,
				ED0721211867A03800C8E89A /* AnnonceDetailViewController.m in Sources */,
				ED8BF6F41912767400323109 /* SearchLocationSelectorViewController.m in Sources */,
				EDE2C472187639C200F9B895 /* SearchManagerViewController.m in Sources */,
				ED85E3891863B8EF0073FC3C /* CXMLDocument_CreationExtensions.m in Sources */,
				ED85D01A18C7E17A0004CAF4 /* MainPageViewController.m in Sources */,
				ED85E38F1863B8EF0073FC3C /* CXMLElement_CreationExtensions.m in Sources */,
				EDE2C475187639D300F9B895 /* SearchEditViewController.m in Sources */,
				ED07211E18679F6400C8E89A /* FPPopoverKeyboardResponsiveController.m in Sources */,
				ED85E3941863B8EF0073FC3C /* CXMLNode_XPathExtensions.m in Sources */,
				ED85E39B1863BA4B0073FC3C /* LeboncoinAgent.m in Sources */,
				ED07211918679E6500C8E89A /* FPTouchView.m in Sources */,
				EDFB0242186651360027AAC8 /* SearchCondition.m in Sources */,
				ED15161A1863B694008F04BD /* Leboncoin.xcdatamodeld in Sources */,
				ED15160D1863B694008F04BD /* main.m in Sources */,
				ED85E3931863B8EF0073FC3C /* CXMLNode_PrivateExtensions.m in Sources */,
				ED85E3921863B8EF0073FC3C /* CXMLNode.m in Sources */,
				EDFB0245186651EE0027AAC8 /* SearchLinkGenerator.m in Sources */,
				EDD765DB186CE35200C283C6 /* ModelController.m in Sources */,
				ED1516201863B694008F04BD /* FlipsideViewController.m in Sources */,
				ED746E1C18F4C566001A61B8 /* PKHPickerContainerView.m in Sources */,
				EDF0385418C16F4E0038B074 /* AFHTTPClient.m in Sources */,
				ED15161D1863B694008F04BD /* SearchResultViewController.m in Sources */,
				ED85E3A31863C5F40073FC3C /* HTMLParser.m in Sources */,
				EDF0385718C16F4E0038B074 /* AFJSONRequestOperation.m in Sources */,
				ED85E38C1863B8EF0073FC3C /* CXMLDocument.m in Sources */,
			);
			runOnlyForDeploymentPostprocessing = 0;
		};
		ED1516231863B694008F04BD /* Sources */ = {
			isa = PBXSourcesBuildPhase;
			buildActionMask = 2147483647;
			files = (
				ED1516361863B694008F04BD /* LeboncoinTests.m in Sources */,
			);
			runOnlyForDeploymentPostprocessing = 0;
		};
/* End PBXSourcesBuildPhase section */

/* Begin PBXTargetDependency section */
		ED15162E1863B694008F04BD /* PBXTargetDependency */ = {
			isa = PBXTargetDependency;
			target = ED1515FA1863B694008F04BD /* Leboncoin */;
			targetProxy = ED15162D1863B694008F04BD /* PBXContainerItemProxy */;
		};
/* End PBXTargetDependency section */

/* Begin PBXVariantGroup section */
		ED1516091863B694008F04BD /* InfoPlist.strings */ = {
			isa = PBXVariantGroup;
			children = (
				ED15160A1863B694008F04BD /* en */,
			);
			name = InfoPlist.strings;
			sourceTree = "<group>";
		};
		ED1516121863B694008F04BD /* Main_iPhone.storyboard */ = {
			isa = PBXVariantGroup;
			children = (
				ED1516131863B694008F04BD /* Base */,
			);
			name = Main_iPhone.storyboard;
			sourceTree = "<group>";
		};
		ED1516151863B694008F04BD /* Main_iPad.storyboard */ = {
			isa = PBXVariantGroup;
			children = (
				ED1516161863B694008F04BD /* Base */,
			);
			name = Main_iPad.storyboard;
			sourceTree = "<group>";
		};
		ED1516321863B694008F04BD /* InfoPlist.strings */ = {
			isa = PBXVariantGroup;
			children = (
				ED1516331863B694008F04BD /* en */,
			);
			name = InfoPlist.strings;
			sourceTree = "<group>";
		};
/* End PBXVariantGroup section */

/* Begin XCBuildConfiguration section */
		ED1516371863B694008F04BD /* Debug */ = {
			isa = XCBuildConfiguration;
			buildSettings = {
				ALWAYS_SEARCH_USER_PATHS = NO;
				CLANG_CXX_LANGUAGE_STANDARD = "gnu++0x";
				CLANG_CXX_LIBRARY = "libc++";
				CLANG_ENABLE_MODULES = YES;
				CLANG_ENABLE_OBJC_ARC = YES;
				CLANG_WARN_BOOL_CONVERSION = YES;
				CLANG_WARN_CONSTANT_CONVERSION = YES;
				CLANG_WARN_DIRECT_OBJC_ISA_USAGE = YES_ERROR;
				CLANG_WARN_EMPTY_BODY = YES;
				CLANG_WARN_ENUM_CONVERSION = YES;
				CLANG_WARN_INT_CONVERSION = YES;
				CLANG_WARN_OBJC_ROOT_CLASS = YES_ERROR;
				CLANG_WARN__DUPLICATE_METHOD_MATCH = YES;
				"CODE_SIGN_IDENTITY[sdk=iphoneos*]" = "iPhone Developer";
				COPY_PHASE_STRIP = NO;
				GCC_C_LANGUAGE_STANDARD = gnu99;
				GCC_DYNAMIC_NO_PIC = NO;
				GCC_OPTIMIZATION_LEVEL = 0;
				GCC_PREPROCESSOR_DEFINITIONS = (
					"DEBUG=1",
					"$(inherited)",
				);
				GCC_SYMBOLS_PRIVATE_EXTERN = NO;
				GCC_WARN_64_TO_32_BIT_CONVERSION = YES;
				GCC_WARN_ABOUT_RETURN_TYPE = YES_ERROR;
				GCC_WARN_UNDECLARED_SELECTOR = YES;
				GCC_WARN_UNINITIALIZED_AUTOS = YES;
				GCC_WARN_UNUSED_FUNCTION = YES;
				GCC_WARN_UNUSED_VARIABLE = YES;
				IPHONEOS_DEPLOYMENT_TARGET = 7.0;
				ONLY_ACTIVE_ARCH = YES;
				SDKROOT = iphoneos;
				TARGETED_DEVICE_FAMILY = "1,2";
			};
			name = Debug;
		};
		ED1516381863B694008F04BD /* Release */ = {
			isa = XCBuildConfiguration;
			buildSettings = {
				ALWAYS_SEARCH_USER_PATHS = NO;
				CLANG_CXX_LANGUAGE_STANDARD = "gnu++0x";
				CLANG_CXX_LIBRARY = "libc++";
				CLANG_ENABLE_MODULES = YES;
				CLANG_ENABLE_OBJC_ARC = YES;
				CLANG_WARN_BOOL_CONVERSION = YES;
				CLANG_WARN_CONSTANT_CONVERSION = YES;
				CLANG_WARN_DIRECT_OBJC_ISA_USAGE = YES_ERROR;
				CLANG_WARN_EMPTY_BODY = YES;
				CLANG_WARN_ENUM_CONVERSION = YES;
				CLANG_WARN_INT_CONVERSION = YES;
				CLANG_WARN_OBJC_ROOT_CLASS = YES_ERROR;
				CLANG_WARN__DUPLICATE_METHOD_MATCH = YES;
				"CODE_SIGN_IDENTITY[sdk=iphoneos*]" = "iPhone Developer";
				COPY_PHASE_STRIP = YES;
				ENABLE_NS_ASSERTIONS = NO;
				GCC_C_LANGUAGE_STANDARD = gnu99;
				GCC_WARN_64_TO_32_BIT_CONVERSION = YES;
				GCC_WARN_ABOUT_RETURN_TYPE = YES_ERROR;
				GCC_WARN_UNDECLARED_SELECTOR = YES;
				GCC_WARN_UNINITIALIZED_AUTOS = YES;
				GCC_WARN_UNUSED_FUNCTION = YES;
				GCC_WARN_UNUSED_VARIABLE = YES;
				IPHONEOS_DEPLOYMENT_TARGET = 7.0;
				SDKROOT = iphoneos;
				TARGETED_DEVICE_FAMILY = "1,2";
				VALIDATE_PRODUCT = YES;
			};
			name = Release;
		};
		ED15163A1863B694008F04BD /* Debug */ = {
			isa = XCBuildConfiguration;
			buildSettings = {
				ASSETCATALOG_COMPILER_APPICON_NAME = AppIcon;
				ASSETCATALOG_COMPILER_LAUNCHIMAGE_NAME = LaunchImage;
				CLANG_CXX_LIBRARY = "compiler-default";
				FRAMEWORK_SEARCH_PATHS = (
					"$(inherited)",
					/Volumes/DATA/MY_WORKS/Github/Leboncoin/leboncoin,
				);
				GCC_PRECOMPILE_PREFIX_HEADER = YES;
				GCC_PREFIX_HEADER = "Leboncoin/Leboncoin-Prefix.pch";
				HEADER_SEARCH_PATHS = (
					"$(inherited)",
					/Applications/Xcode.app/Contents/Developer/Toolchains/XcodeDefault.xctoolchain/usr/include,
					/usr/include/libxml2,
				);
				INFOPLIST_FILE = "Leboncoin/Leboncoin-Info.plist";
				IPHONEOS_DEPLOYMENT_TARGET = 7.0;
				LIBRARY_SEARCH_PATHS = "$(inherited)";
				ONLY_ACTIVE_ARCH = NO;
				PRODUCT_NAME = "$(TARGET_NAME)";
				VALID_ARCHS = "i386 armv7 armv7s arm64";
				WRAPPER_EXTENSION = app;
			};
			name = Debug;
		};
		ED15163B1863B694008F04BD /* Release */ = {
			isa = XCBuildConfiguration;
			buildSettings = {
				ASSETCATALOG_COMPILER_APPICON_NAME = AppIcon;
				ASSETCATALOG_COMPILER_LAUNCHIMAGE_NAME = LaunchImage;
				CLANG_CXX_LIBRARY = "compiler-default";
				FRAMEWORK_SEARCH_PATHS = (
					"$(inherited)",
					/Volumes/DATA/MY_WORKS/Github/Leboncoin/leboncoin,
				);
				GCC_PRECOMPILE_PREFIX_HEADER = YES;
				GCC_PREFIX_HEADER = "Leboncoin/Leboncoin-Prefix.pch";
				HEADER_SEARCH_PATHS = (
					"$(inherited)",
					/Applications/Xcode.app/Contents/Developer/Toolchains/XcodeDefault.xctoolchain/usr/include,
					/usr/include/libxml2,
				);
				INFOPLIST_FILE = "Leboncoin/Leboncoin-Info.plist";
				IPHONEOS_DEPLOYMENT_TARGET = 7.0;
				LIBRARY_SEARCH_PATHS = "$(inherited)";
				ONLY_ACTIVE_ARCH = NO;
				PRODUCT_NAME = "$(TARGET_NAME)";
				VALID_ARCHS = "i386 armv7 armv7s arm64";
				WRAPPER_EXTENSION = app;
			};
			name = Release;
		};
		ED15163D1863B694008F04BD /* Debug */ = {
			isa = XCBuildConfiguration;
			buildSettings = {
				BUNDLE_LOADER = "$(BUILT_PRODUCTS_DIR)/Leboncoin.app/Leboncoin";
				FRAMEWORK_SEARCH_PATHS = (
					"$(SDKROOT)/Developer/Library/Frameworks",
					"$(inherited)",
					"$(DEVELOPER_FRAMEWORKS_DIR)",
				);
				GCC_PRECOMPILE_PREFIX_HEADER = YES;
				GCC_PREFIX_HEADER = "Leboncoin/Leboncoin-Prefix.pch";
				GCC_PREPROCESSOR_DEFINITIONS = (
					"DEBUG=1",
					"$(inherited)",
				);
				INFOPLIST_FILE = "LeboncoinTests/LeboncoinTests-Info.plist";
				PRODUCT_NAME = "$(TARGET_NAME)";
				TEST_HOST = "$(BUNDLE_LOADER)";
				WRAPPER_EXTENSION = xctest;
			};
			name = Debug;
		};
		ED15163E1863B694008F04BD /* Release */ = {
			isa = XCBuildConfiguration;
			buildSettings = {
				BUNDLE_LOADER = "$(BUILT_PRODUCTS_DIR)/Leboncoin.app/Leboncoin";
				FRAMEWORK_SEARCH_PATHS = (
					"$(SDKROOT)/Developer/Library/Frameworks",
					"$(inherited)",
					"$(DEVELOPER_FRAMEWORKS_DIR)",
				);
				GCC_PRECOMPILE_PREFIX_HEADER = YES;
				GCC_PREFIX_HEADER = "Leboncoin/Leboncoin-Prefix.pch";
				INFOPLIST_FILE = "LeboncoinTests/LeboncoinTests-Info.plist";
				PRODUCT_NAME = "$(TARGET_NAME)";
				TEST_HOST = "$(BUNDLE_LOADER)";
				WRAPPER_EXTENSION = xctest;
			};
			name = Release;
		};
/* End XCBuildConfiguration section */

/* Begin XCConfigurationList section */
		ED1515F61863B694008F04BD /* Build configuration list for PBXProject "Leboncoin" */ = {
			isa = XCConfigurationList;
			buildConfigurations = (
				ED1516371863B694008F04BD /* Debug */,
				ED1516381863B694008F04BD /* Release */,
			);
			defaultConfigurationIsVisible = 0;
			defaultConfigurationName = Release;
		};
		ED1516391863B694008F04BD /* Build configuration list for PBXNativeTarget "Leboncoin" */ = {
			isa = XCConfigurationList;
			buildConfigurations = (
				ED15163A1863B694008F04BD /* Debug */,
				ED15163B1863B694008F04BD /* Release */,
			);
			defaultConfigurationIsVisible = 0;
			defaultConfigurationName = Release;
		};
		ED15163C1863B694008F04BD /* Build configuration list for PBXNativeTarget "LeboncoinTests" */ = {
			isa = XCConfigurationList;
			buildConfigurations = (
				ED15163D1863B694008F04BD /* Debug */,
				ED15163E1863B694008F04BD /* Release */,
			);
			defaultConfigurationIsVisible = 0;
			defaultConfigurationName = Release;
		};
/* End XCConfigurationList section */

/* Begin XCVersionGroup section */
		ED1516181863B694008F04BD /* Leboncoin.xcdatamodeld */ = {
			isa = XCVersionGroup;
			children = (
				ED1516191863B694008F04BD /* Leboncoin.xcdatamodel */,
			);
			currentVersion = ED1516191863B694008F04BD /* Leboncoin.xcdatamodel */;
			path = Leboncoin.xcdatamodeld;
			sourceTree = "<group>";
			versionGroupType = wrapper.xcdatamodel;
		};
/* End XCVersionGroup section */
	};
	rootObject = ED1515F31863B694008F04BD /* Project object */;
}
